
Microsoft Visual Studio Solution File, Format Version 12.00
# Visual Studio Version 16
VisualStudioVersion = 16.0.31205.134
MinimumVisualStudioVersion = 10.0.40219.1
Project("{FAE04EC0-301F-11D3-BF4B-00C04F79EFBC}") = "Scanner.Android", "Scanner\Scanner.Android\Scanner.Android.csproj", "{54875C77-18B7-4F65-B255-008178EE84FD}"
EndProject
Project("{FAE04EC0-301F-11D3-BF4B-00C04F79EFBC}") = "Scanner", "Scanner\Scanner\Scanner.csproj", "{72A59932-4225-4738-8BCB-2469BA04DBBE}"
EndProject
Project("{9A19103F-16F7-4668-BE54-9A1E7A4F7556}") = "MVVMHelpers", "..\..\..\..\..\Repo\MVVMHelpers\MVVMHelpers\MVVMHelpers.csproj", "{0D67E956-00C4-4031-84C8-596FD0CE1D37}"
EndProject
Global
	GlobalSection(SolutionConfigurationPlatforms) = preSolution
		Debug|Any CPU = Debug|Any CPU
		Debug|iPhone = Debug|iPhone
		Debug|iPhoneSimulator = Debug|iPhoneSimulator
		Release|Any CPU = Release|Any CPU
		Release|iPhone = Release|iPhone
		Release|iPhoneSimulator = Release|iPhoneSimulator
	EndGlobalSection
	GlobalSection(ProjectConfigurationPlatforms) = postSolution
		{54875C77-18B7-4F65-B255-008178EE84FD}.Debug|Any CPU.ActiveCfg = Debug|Any CPU
		{54875C77-18B7-4F65-B255-008178EE84FD}.Debug|Any CPU.Build.0 = Debug|Any CPU
		{54875C77-18B7-4F65-B255-008178EE84FD}.Debug|Any CPU.Deploy.0 = Debug|Any CPU
		{54875C77-18B7-4F65-B255-008178EE84FD}.Debug|iPhone.ActiveCfg = Debug|Any CPU
		{54875C77-18B7-4F65-B255-008178EE84FD}.Debug|iPhone.Build.0 = Debug|Any CPU
		{54875C77-18B7-4F65-B255-008178EE84FD}.Debug|iPhone.Deploy.0 = Debug|Any CPU
		{54875C77-18B7-4F65-B255-008178EE84FD}.Debug|iPhoneSimulator.ActiveCfg = Debug|Any CPU
		{54875C77-18B7-4F65-B255-008178EE84FD}.Debug|iPhoneSimulator.Build.0 = Debug|Any CPU
		{54875C77-18B7-4F65-B255-008178EE84FD}.Debug|iPhoneSimulator.Deploy.0 = Debug|Any CPU
		{54875C77-18B7-4F65-B255-008178EE84FD}.Release|Any CPU.ActiveCfg = Release|Any CPU
		{54875C77-18B7-4F65-B255-008178EE84FD}.Release|Any CPU.Build.0 = Release|Any CPU
		{54875C77-18B7-4F65-B255-008178EE84FD}.Release|Any CPU.Deploy.0 = Release|Any CPU
		{54875C77-18B7-4F65-B255-008178EE84FD}.Release|iPhone.ActiveCfg = Release|Any CPU
		{54875C77-18B7-4F65-B255-008178EE84FD}.Release|iPhone.Build.0 = Release|Any CPU
		{54875C77-18B7-4F65-B255-008178EE84FD}.Release|iPhone.Deploy.0 = Release|Any CPU
		{54875C77-18B7-4F65-B255-008178EE84FD}.Release|iPhoneSimulator.ActiveCfg = Release|Any CPU
		{54875C77-18B7-4F65-B255-008178EE84FD}.Release|iPhoneSimulator.Build.0 = Release|Any CPU
		{54875C77-18B7-4F65-B255-008178EE84FD}.Release|iPhoneSimulator.Deploy.0 = Release|Any CPU
		{72A59932-4225-4738-8BCB-2469BA04DBBE}.Debug|Any CPU.ActiveCfg = Debug|Any CPU
		{72A59932-4225-4738-8BCB-2469BA04DBBE}.Debug|Any CPU.Build.0 = Debug|Any CPU
		{72A59932-4225-4738-8BCB-2469BA04DBBE}.Debug|Any CPU.Deploy.0 = Debug|Any CPU
		{72A59932-4225-4738-8BCB-2469BA04DBBE}.Debug|iPhone.ActiveCfg = Debug|Any CPU
		{72A59932-4225-4738-8BCB-2469BA04DBBE}.Debug|iPhone.Build.0 = Debug|Any CPU
		{72A59932-4225-4738-8BCB-2469BA04DBBE}.Debug|iPhone.Deploy.0 = Debug|Any CPU
		{72A59932-4225-4738-8BCB-2469BA04DBBE}.Debug|iPhoneSimulator.ActiveCfg = Debug|Any CPU
		{72A59932-4225-4738-8BCB-2469BA04DBBE}.Debug|iPhoneSimulator.Build.0 = Debug|Any CPU
		{72A59932-4225-4738-8BCB-2469BA04DBBE}.Debug|iPhoneSimulator.Deploy.0 = Debug|Any CPU
		{72A59932-4225-4738-8BCB-2469BA04DBBE}.Release|Any CPU.ActiveCfg = Release|Any CPU
		{72A59932-4225-4738-8BCB-2469BA04DBBE}.Release|Any CPU.Build.0 = Release|Any CPU
		{72A59932-4225-4738-8BCB-2469BA04DBBE}.Release|Any CPU.Deploy.0 = Release|Any CPU
		{72A59932-4225-4738-8BCB-2469BA04DBBE}.Release|iPhone.ActiveCfg = Release|Any CPU
		{72A59932-4225-4738-8BCB-2469BA04DBBE}.Release|iPhone.Build.0 = Release|Any CPU
		{72A59932-4225-4738-8BCB-2469BA04DBBE}.Release|iPhone.Deploy.0 = Release|Any CPU
		{72A59932-4225-4738-8BCB-2469BA04DBBE}.Release|iPhoneSimulator.ActiveCfg = Release|Any CPU
		{72A59932-4225-4738-8BCB-2469BA04DBBE}.Release|iPhoneSimulator.Build.0 = Release|Any CPU
		{72A59932-4225-4738-8BCB-2469BA04DBBE}.Release|iPhoneSimulator.Deploy.0 = Release|Any CPU
		{0D67E956-00C4-4031-84C8-596FD0CE1D37}.Debug|Any CPU.ActiveCfg = Debug|Any CPU
		{0D67E956-00C4-4031-84C8-596FD0CE1D37}.Debug|Any CPU.Build.0 = Debug|Any CPU
		{0D67E956-00C4-4031-84C8-596FD0CE1D37}.Debug|iPhone.ActiveCfg = Debug|Any CPU
		{0D67E956-00C4-4031-84C8-596FD0CE1D37}.Debug|iPhone.Build.0 = Debug|Any CPU
		{0D67E956-00C4-4031-84C8-596FD0CE1D37}.Debug|iPhoneSimulator.ActiveCfg = Debug|Any CPU
		{0D67E956-00C4-4031-84C8-596FD0CE1D37}.Debug|iPhoneSimulator.Build.0 = Debug|Any CPU
		{0D67E956-00C4-4031-84C8-596FD0CE1D37}.Release|Any CPU.ActiveCfg = Release|Any CPU
		{0D67E956-00C4-4031-84C8-596FD0CE1D37}.Release|Any CPU.Build.0 = Release|Any CPU
		{0D67E956-00C4-4031-84C8-596FD0CE1D37}.Release|iPhone.ActiveCfg = Release|Any CPU
		{0D67E956-00C4-4031-84C8-596FD0CE1D37}.Release|iPhone.Build.0 = Release|Any CPU
		{0D67E956-00C4-4031-84C8-596FD0CE1D37}.Release|iPhoneSimulator.ActiveCfg = Release|Any CPU
		{0D67E956-00C4-4031-84C8-596FD0CE1D37}.Release|iPhoneSimulator.Build.0 = Release|Any CPU
	EndGlobalSection
	GlobalSection(SolutionProperties) = preSolution
		HideSolutionNode = FALSE
	EndGlobalSection
	GlobalSection(ExtensibilityGlobals) = postSolution
		SolutionGuid = {70B089CE-1BB7-41EE-9D85-9EFD7FC2583F}
	EndGlobalSection
EndGlobal
